{
  "name": "govuk_publishing_components",
  "version": "1.0.0",
  "lockfileVersion": 1,
  "dependencies": {
    "@govuk-frontend/frontend": {
      "version": "0.0.29-alpha",
      "resolved": "https://registry.npmjs.org/@govuk-frontend/frontend/-/frontend-0.0.29-alpha.tgz",
      "integrity": "sha512-x4qu4gEMJXu+C498BPVYY1kXbzFY2xToHKJltChWWefUm1ir1xgUBp+4IlTaniWWA0i7nxbmHYBYk0h72uPCJA=="
    }
  }
}
