{
  "requires": true,
  "lockfileVersion": 1,
  "dependencies": {
    "accessible-autocomplete": {
      "version": "git://github.com/alphagov/accessible-autocomplete.git#50ac417911660b9e171af8b5d97ed2080e486e1d",
      "from": "git://github.com/alphagov/accessible-autocomplete.git#add-multiselect-support",
      "requires": {
        "preact": "^8.3.1"
      }
    },
    "govuk-frontend": {
      "version": "2.5.1",
      "resolved": "https://registry.npmjs.org/govuk-frontend/-/govuk-frontend-2.5.1.tgz",
      "integrity": "sha512-DDi1HGRTNRH/UmqOYACOR01V+aae36pnHHf5/g08spscJO5AazA/BQTenlNm8WFJ4UAeikb1TrCbgGWJE4Vypw=="
    },
    "jquery": {
      "version": "1.12.4",
      "resolved": "https://registry.npmjs.org/jquery/-/jquery-1.12.4.tgz",
      "integrity": "sha1-AeHfuikP5z3rp3zurLD5ui/sngw="
    },
    "preact": {
      "version": "8.4.2",
      "resolved": "https://registry.npmjs.org/preact/-/preact-8.4.2.tgz",
      "integrity": "sha512-TsINETWiisfB6RTk0wh3/mvxbGRvx+ljeBccZ4Z6MPFKgu/KFGyf2Bmw3Z/jlXhL5JlNKY6QAbA9PVyzIy9//A=="
    }
  }
}
