{
  "requires": true,
  "lockfileVersion": 1,
  "dependencies": {
    "govuk-frontend": {
      "version": "1.2.0",
      "resolved": "https://registry.npmjs.org/govuk-frontend/-/govuk-frontend-1.2.0.tgz",
      "integrity": "sha512-pHKghu9J1nB7F/MKpiYaimPoJXUJdmMZUGuORv9K1Ek1sVNdTRlEKR+rogpfR4GkroS0tS1LMwQJrQkiCvxIIw=="
    }
  }
}
